
Microsoft Visual Studio Solution File, Format Version 12.00
# Visual Studio 15
VisualStudioVersion = 15.0.28307.1972
MinimumVisualStudioVersion = 10.0.40219.1
Project("{FAE04EC0-301F-11D3-BF4B-00C04F79EFBC}") = "CollegeEventz", "CollegeEventz\CollegeEventz.csproj", "{17D6132A-B4A6-4411-B7A3-8CC128640F1B}"
EndProject
Global
	GlobalSection(SolutionConfigurationPlatforms) = preSolution
		Debug|Any CPU = Debug|Any CPU
		Release|Any CPU = Release|Any CPU
	EndGlobalSection
	GlobalSection(ProjectConfigurationPlatforms) = postSolution
		{17D6132A-B4A6-4411-B7A3-8CC128640F1B}.Debug|Any CPU.ActiveCfg = Debug|Any CPU
		{17D6132A-B4A6-4411-B7A3-8CC128640F1B}.Debug|Any CPU.Build.0 = Debug|Any CPU
		{17D6132A-B4A6-4411-B7A3-8CC128640F1B}.Release|Any CPU.ActiveCfg = Release|Any CPU
		{17D6132A-B4A6-4411-B7A3-8CC128640F1B}.Release|Any CPU.Build.0 = Release|Any CPU
	EndGlobalSection
	GlobalSection(SolutionProperties) = preSolution
		HideSolutionNode = FALSE
	EndGlobalSection
	GlobalSection(ExtensibilityGlobals) = postSolution
		SolutionGuid = {28B9FAD5-0D80-460D-8C24-490A61D0167C}
	EndGlobalSection
EndGlobal
